// !$*UTF8*$!
{
	archiveVersion = 1;
	classes = {
	};
	objectVersion = 48;
	objects = {

/* Begin PBXBuildFile section */
		9543049C5260C38B82037C92 /* Pods_PixelGramTests.framework in Frameworks */ = {isa = PBXBuildFile; fileRef = D0CEE169CEA330C829D6D343 /* Pods_PixelGramTests.framework */; };
		B40896FD1FA8610E006088EE /* APIClient.swift in Sources */ = {isa = PBXBuildFile; fileRef = B4E9CC4F1FA61ED6009ECF88 /* APIClient.swift */; };
		B40896FE1FA8610E006088EE /* MockServer.swift in Sources */ = {isa = PBXBuildFile; fileRef = B470DDFA1FA7AD6A00B0E3E9 /* MockServer.swift */; };
		B40896FF1FA8610E006088EE /* AppDelegate.swift in Sources */ = {isa = PBXBuildFile; fileRef = B4B2B9001FA3B21900454DE3 /* AppDelegate.swift */; };
		B40897001FA8610E006088EE /* User.swift in Sources */ = {isa = PBXBuildFile; fileRef = B4B2B9171FA3B39B00454DE3 /* User.swift */; };
		B40897011FA8610E006088EE /* Image.swift in Sources */ = {isa = PBXBuildFile; fileRef = B4B2B9191FA3B3A700454DE3 /* Image.swift */; };
		B40897021FA8610E006088EE /* Session.swift in Sources */ = {isa = PBXBuildFile; fileRef = B4B2B9281FA3BAE800454DE3 /* Session.swift */; };
		B40897031FA8610E006088EE /* CameraViewController.swift in Sources */ = {isa = PBXBuildFile; fileRef = B40896DE1FA85E50006088EE /* CameraViewController.swift */; };
		B40897041FA8610E006088EE /* FeedViewController.swift in Sources */ = {isa = PBXBuildFile; fileRef = B40896E01FA85E50006088EE /* FeedViewController.swift */; };
		B40897051FA8610E006088EE /* FeedViewModel.swift in Sources */ = {isa = PBXBuildFile; fileRef = B40896E11FA85E50006088EE /* FeedViewModel.swift */; };
		B40897061FA8610E006088EE /* LoginViewController.swift in Sources */ = {isa = PBXBuildFile; fileRef = B40896E31FA85E50006088EE /* LoginViewController.swift */; };
		B40897071FA8610E006088EE /* LoginViewModel.swift in Sources */ = {isa = PBXBuildFile; fileRef = B40896E41FA85E50006088EE /* LoginViewModel.swift */; };
		B40897081FA8610E006088EE /* SignupViewModel.swift in Sources */ = {isa = PBXBuildFile; fileRef = B40896E51FA85E50006088EE /* SignupViewModel.swift */; };
		B40897091FA8610E006088EE /* ProfileCell.swift in Sources */ = {isa = PBXBuildFile; fileRef = B40896E71FA85E50006088EE /* ProfileCell.swift */; };
		B408970A1FA8610E006088EE /* ProfileViewController.swift in Sources */ = {isa = PBXBuildFile; fileRef = B40896E81FA85E50006088EE /* ProfileViewController.swift */; };
		B408970B1FA8610E006088EE /* ProfileViewModel.swift in Sources */ = {isa = PBXBuildFile; fileRef = B40896E91FA85E50006088EE /* ProfileViewModel.swift */; };
		B408970D1FA8610E006088EE /* SettingsViewController.swift in Sources */ = {isa = PBXBuildFile; fileRef = B40896EC1FA85E50006088EE /* SettingsViewController.swift */; };
		B408970E1FA8610E006088EE /* SettingsViewModel.swift in Sources */ = {isa = PBXBuildFile; fileRef = B40896ED1FA85E50006088EE /* SettingsViewModel.swift */; };
		B408970F1FA8610E006088EE /* CollectionViewDataSource.swift in Sources */ = {isa = PBXBuildFile; fileRef = B40896EE1FA85E88006088EE /* CollectionViewDataSource.swift */; };
		B40897101FA8610E006088EE /* SupplementaryElementCollectionViewDataSource.swift in Sources */ = {isa = PBXBuildFile; fileRef = B40896DB1FA85E35006088EE /* SupplementaryElementCollectionViewDataSource.swift */; };
		B40897111FA8610E006088EE /* UIViewController+Storyboard.swift in Sources */ = {isa = PBXBuildFile; fileRef = B4E9CC4A1FA5C986009ECF88 /* UIViewController+Storyboard.swift */; };
		B40897121FA8610E006088EE /* UIView+ReuseIdentifier.swift in Sources */ = {isa = PBXBuildFile; fileRef = B4E9CC4C1FA5C992009ECF88 /* UIView+ReuseIdentifier.swift */; };
		B40897131FA8610E006088EE /* UIImageView+Networking.swift in Sources */ = {isa = PBXBuildFile; fileRef = B4B0CD561FA63D290099768C /* UIImageView+Networking.swift */; };
		B40897141FA8610E006088EE /* TabViewController.swift in Sources */ = {isa = PBXBuildFile; fileRef = B4E9CC451FA4CEBA009ECF88 /* TabViewController.swift */; };
		B40897151FA8610E006088EE /* ImageViewModel.swift in Sources */ = {isa = PBXBuildFile; fileRef = B4B2B91F1FA3B48700454DE3 /* ImageViewModel.swift */; };
		B40897161FA8610E006088EE /* UserViewModel.swift in Sources */ = {isa = PBXBuildFile; fileRef = B4B2B9261FA3B53800454DE3 /* UserViewModel.swift */; };
		B40897171FA8610E006088EE /* ImageViewCell.swift in Sources */ = {isa = PBXBuildFile; fileRef = B4B2B91D1FA3B47300454DE3 /* ImageViewCell.swift */; };
		B40897181FA8610E006088EE /* TextLabelCell.swift in Sources */ = {isa = PBXBuildFile; fileRef = B4E9CC3B1FA4C16F009ECF88 /* TextLabelCell.swift */; };
		B40897191FA8610E006088EE /* InputCell.swift in Sources */ = {isa = PBXBuildFile; fileRef = B4E9CC3D1FA4C308009ECF88 /* InputCell.swift */; };
		B408971B1FA8610E006088EE /* ThumbImageCell.swift in Sources */ = {isa = PBXBuildFile; fileRef = B4E940011FA747BF0098AEA2 /* ThumbImageCell.swift */; };
		B408971D1FA87F80006088EE /* UICollectionReusableView+FullWidth.swift in Sources */ = {isa = PBXBuildFile; fileRef = B408971C1FA87F80006088EE /* UICollectionReusableView+FullWidth.swift */; };
		B4250A031FAB312300063635 /* NavigationController.swift in Sources */ = {isa = PBXBuildFile; fileRef = B4250A021FAB312300063635 /* NavigationController.swift */; };
		B4250A051FAB321100063635 /* UIImage+Generation.swift in Sources */ = {isa = PBXBuildFile; fileRef = B4250A041FAB321100063635 /* UIImage+Generation.swift */; };
		B4250A071FAB63A400063635 /* UIWindow+HUD.swift in Sources */ = {isa = PBXBuildFile; fileRef = B4250A061FAB63A400063635 /* UIWindow+HUD.swift */; };
		B4250A091FAB75F600063635 /* PhotoAccessDisabledView.swift in Sources */ = {isa = PBXBuildFile; fileRef = B4250A081FAB75F600063635 /* PhotoAccessDisabledView.swift */; };
		B4250A0B1FAB7AD900063635 /* SubmitImageCell.swift in Sources */ = {isa = PBXBuildFile; fileRef = B4250A0A1FAB7AD900063635 /* SubmitImageCell.swift */; };
		B477E0CC1FAA24CC0079CCAF /* CropImageViewController.swift in Sources */ = {isa = PBXBuildFile; fileRef = B477E0C61FAA1E930079CCAF /* CropImageViewController.swift */; };
		B477E0CE1FAA24CC0079CCAF /* GalleryCell.swift in Sources */ = {isa = PBXBuildFile; fileRef = B477E0C91FAA1E930079CCAF /* GalleryCell.swift */; };
		B477E0CF1FAA24CC0079CCAF /* GalleryViewController.swift in Sources */ = {isa = PBXBuildFile; fileRef = B477E0CA1FAA1E930079CCAF /* GalleryViewController.swift */; };
		B477E0D11FAA24CC0079CCAF /* ShareImageViewController.swift in Sources */ = {isa = PBXBuildFile; fileRef = B477E0C31FAA1E930079CCAF /* ShareImageViewController.swift */; };
		B477E0D21FAA24CC0079CCAF /* ShareImageViewModel.swift in Sources */ = {isa = PBXBuildFile; fileRef = B477E0C41FAA1E930079CCAF /* ShareImageViewModel.swift */; };
		B477E0D41FAA3A500079CCAF /* BarButtonItem.swift in Sources */ = {isa = PBXBuildFile; fileRef = B477E0D31FAA3A500079CCAF /* BarButtonItem.swift */; };
		B48915691FA8B1EF00F1CF44 /* CameraViewModel.swift in Sources */ = {isa = PBXBuildFile; fileRef = B48915681FA8B1EF00F1CF44 /* CameraViewModel.swift */; };
		B489156B1FA8D04600F1CF44 /* RoundedButton.swift in Sources */ = {isa = PBXBuildFile; fileRef = B489156A1FA8D04600F1CF44 /* RoundedButton.swift */; };
		B489156D1FA8D6AA00F1CF44 /* UIColor+Colors.swift in Sources */ = {isa = PBXBuildFile; fileRef = B489156C1FA8D6AA00F1CF44 /* UIColor+Colors.swift */; };
		B489156F1FA8DAAB00F1CF44 /* ObservableButton.swift in Sources */ = {isa = PBXBuildFile; fileRef = B489156E1FA8DAAB00F1CF44 /* ObservableButton.swift */; };
		B48915741FA8E9C200F1CF44 /* EditProfileViewController.swift in Sources */ = {isa = PBXBuildFile; fileRef = B48915731FA8E9C200F1CF44 /* EditProfileViewController.swift */; };
		B48915761FA8E9CC00F1CF44 /* EditProfileViewModel.swift in Sources */ = {isa = PBXBuildFile; fileRef = B48915751FA8E9CC00F1CF44 /* EditProfileViewModel.swift */; };
		B48915781FA8EE8E00F1CF44 /* CollectionViewController.swift in Sources */ = {isa = PBXBuildFile; fileRef = B48915771FA8EE8E00F1CF44 /* CollectionViewController.swift */; };
		B489157A1FA8F0E200F1CF44 /* ViewController.swift in Sources */ = {isa = PBXBuildFile; fileRef = B48915791FA8F0E200F1CF44 /* ViewController.swift */; };
		B489157C1FA8F40F00F1CF44 /* HeaderView.swift in Sources */ = {isa = PBXBuildFile; fileRef = B489157B1FA8F40E00F1CF44 /* HeaderView.swift */; };
		B48A8D7A1FAD09BC00A8CBBB /* UIImageView+Sizing.swift in Sources */ = {isa = PBXBuildFile; fileRef = B48A8D791FAD09BC00A8CBBB /* UIImageView+Sizing.swift */; };
		B4BADC631F9F7F6200651842 /* Main.storyboard in Resources */ = {isa = PBXBuildFile; fileRef = B4BADC611F9F7F6200651842 /* Main.storyboard */; };
		B4BADC681F9F7F6200651842 /* Assets.xcassets in Resources */ = {isa = PBXBuildFile; fileRef = B4BADC671F9F7F6200651842 /* Assets.xcassets */; };
		B4BADC6B1F9F7F6200651842 /* LaunchScreen.storyboard in Resources */ = {isa = PBXBuildFile; fileRef = B4BADC691F9F7F6200651842 /* LaunchScreen.storyboard */; };
		B4BADC761F9F7F6200651842 /* PixelGramTests.swift in Sources */ = {isa = PBXBuildFile; fileRef = B4BADC751F9F7F6200651842 /* PixelGramTests.swift */; };
		EE66EED9888004422CFEA730 /* Pods_PixelGram.framework in Frameworks */ = {isa = PBXBuildFile; fileRef = E47333A63EEDE7FE606960C0 /* Pods_PixelGram.framework */; };
/* End PBXBuildFile section */

/* Begin PBXContainerItemProxy section */
		B4BADC721F9F7F6200651842 /* PBXContainerItemProxy */ = {
			isa = PBXContainerItemProxy;
			containerPortal = B4BADC521F9F7F6200651842 /* Project object */;
			proxyType = 1;
			remoteGlobalIDString = B4BADC591F9F7F6200651842;
			remoteInfo = PixelGram;
		};
/* End PBXContainerItemProxy section */

/* Begin PBXFileReference section */
		1F2D0F7DF1843C9765F3749D /* Pods-PixelGram.release.xcconfig */ = {isa = PBXFileReference; includeInIndex = 1; lastKnownFileType = text.xcconfig; name = "Pods-PixelGram.release.xcconfig"; path = "Pods/Target Support Files/Pods-PixelGram/Pods-PixelGram.release.xcconfig"; sourceTree = "<group>"; };
		239FA130D5F8554CCB938646 /* Pods-PixelGramTests.debug.xcconfig */ = {isa = PBXFileReference; includeInIndex = 1; lastKnownFileType = text.xcconfig; name = "Pods-PixelGramTests.debug.xcconfig"; path = "Pods/Target Support Files/Pods-PixelGramTests/Pods-PixelGramTests.debug.xcconfig"; sourceTree = "<group>"; };
		8AA51776F9D770C0EEBF72C9 /* Pods-PixelGram.debug.xcconfig */ = {isa = PBXFileReference; includeInIndex = 1; lastKnownFileType = text.xcconfig; name = "Pods-PixelGram.debug.xcconfig"; path = "Pods/Target Support Files/Pods-PixelGram/Pods-PixelGram.debug.xcconfig"; sourceTree = "<group>"; };
		B40896DB1FA85E35006088EE /* SupplementaryElementCollectionViewDataSource.swift */ = {isa = PBXFileReference; lastKnownFileType = sourcecode.swift; path = SupplementaryElementCollectionViewDataSource.swift; sourceTree = "<group>"; };
		B40896DE1FA85E50006088EE /* CameraViewController.swift */ = {isa = PBXFileReference; lastKnownFileType = sourcecode.swift; path = CameraViewController.swift; sourceTree = "<group>"; };
		B40896E01FA85E50006088EE /* FeedViewController.swift */ = {isa = PBXFileReference; lastKnownFileType = sourcecode.swift; path = FeedViewController.swift; sourceTree = "<group>"; };
		B40896E11FA85E50006088EE /* FeedViewModel.swift */ = {isa = PBXFileReference; lastKnownFileType = sourcecode.swift; path = FeedViewModel.swift; sourceTree = "<group>"; };
		B40896E31FA85E50006088EE /* LoginViewController.swift */ = {isa = PBXFileReference; lastKnownFileType = sourcecode.swift; path = LoginViewController.swift; sourceTree = "<group>"; };
		B40896E41FA85E50006088EE /* LoginViewModel.swift */ = {isa = PBXFileReference; lastKnownFileType = sourcecode.swift; path = LoginViewModel.swift; sourceTree = "<group>"; };
		B40896E51FA85E50006088EE /* SignupViewModel.swift */ = {isa = PBXFileReference; lastKnownFileType = sourcecode.swift; path = SignupViewModel.swift; sourceTree = "<group>"; };
		B40896E71FA85E50006088EE /* ProfileCell.swift */ = {isa = PBXFileReference; lastKnownFileType = sourcecode.swift; path = ProfileCell.swift; sourceTree = "<group>"; };
		B40896E81FA85E50006088EE /* ProfileViewController.swift */ = {isa = PBXFileReference; lastKnownFileType = sourcecode.swift; path = ProfileViewController.swift; sourceTree = "<group>"; };
		B40896E91FA85E50006088EE /* ProfileViewModel.swift */ = {isa = PBXFileReference; lastKnownFileType = sourcecode.swift; path = ProfileViewModel.swift; sourceTree = "<group>"; };
		B40896EC1FA85E50006088EE /* SettingsViewController.swift */ = {isa = PBXFileReference; lastKnownFileType = sourcecode.swift; path = SettingsViewController.swift; sourceTree = "<group>"; };
		B40896ED1FA85E50006088EE /* SettingsViewModel.swift */ = {isa = PBXFileReference; lastKnownFileType = sourcecode.swift; path = SettingsViewModel.swift; sourceTree = "<group>"; };
		B40896EE1FA85E88006088EE /* CollectionViewDataSource.swift */ = {isa = PBXFileReference; lastKnownFileType = sourcecode.swift; path = CollectionViewDataSource.swift; sourceTree = "<group>"; };
		B408971C1FA87F80006088EE /* UICollectionReusableView+FullWidth.swift */ = {isa = PBXFileReference; lastKnownFileType = sourcecode.swift; path = "UICollectionReusableView+FullWidth.swift"; sourceTree = "<group>"; };
		B40F9D881F9F837E00243953 /* README.md */ = {isa = PBXFileReference; lastKnownFileType = net.daringfireball.markdown; path = README.md; sourceTree = "<group>"; };
		B40F9D891F9F837E00243953 /* LICENSE */ = {isa = PBXFileReference; lastKnownFileType = text; path = LICENSE; sourceTree = "<group>"; };
		B4250A021FAB312300063635 /* NavigationController.swift */ = {isa = PBXFileReference; lastKnownFileType = sourcecode.swift; path = NavigationController.swift; sourceTree = "<group>"; };
		B4250A041FAB321100063635 /* UIImage+Generation.swift */ = {isa = PBXFileReference; lastKnownFileType = sourcecode.swift; path = "UIImage+Generation.swift"; sourceTree = "<group>"; };
		B4250A061FAB63A400063635 /* UIWindow+HUD.swift */ = {isa = PBXFileReference; lastKnownFileType = sourcecode.swift; path = "UIWindow+HUD.swift"; sourceTree = "<group>"; };
		B4250A081FAB75F600063635 /* PhotoAccessDisabledView.swift */ = {isa = PBXFileReference; lastKnownFileType = sourcecode.swift; path = PhotoAccessDisabledView.swift; sourceTree = "<group>"; };
		B4250A0A1FAB7AD900063635 /* SubmitImageCell.swift */ = {isa = PBXFileReference; lastKnownFileType = sourcecode.swift; path = SubmitImageCell.swift; sourceTree = "<group>"; };
		B470DDFA1FA7AD6A00B0E3E9 /* MockServer.swift */ = {isa = PBXFileReference; lastKnownFileType = sourcecode.swift; path = MockServer.swift; sourceTree = "<group>"; };
		B477E0C31FAA1E930079CCAF /* ShareImageViewController.swift */ = {isa = PBXFileReference; lastKnownFileType = sourcecode.swift; path = ShareImageViewController.swift; sourceTree = "<group>"; };
		B477E0C41FAA1E930079CCAF /* ShareImageViewModel.swift */ = {isa = PBXFileReference; lastKnownFileType = sourcecode.swift; path = ShareImageViewModel.swift; sourceTree = "<group>"; };
		B477E0C61FAA1E930079CCAF /* CropImageViewController.swift */ = {isa = PBXFileReference; lastKnownFileType = sourcecode.swift; path = CropImageViewController.swift; sourceTree = "<group>"; };
		B477E0C91FAA1E930079CCAF /* GalleryCell.swift */ = {isa = PBXFileReference; lastKnownFileType = sourcecode.swift; path = GalleryCell.swift; sourceTree = "<group>"; };
		B477E0CA1FAA1E930079CCAF /* GalleryViewController.swift */ = {isa = PBXFileReference; lastKnownFileType = sourcecode.swift; path = GalleryViewController.swift; sourceTree = "<group>"; };
		B477E0D31FAA3A500079CCAF /* BarButtonItem.swift */ = {isa = PBXFileReference; lastKnownFileType = sourcecode.swift; path = BarButtonItem.swift; sourceTree = "<group>"; };
		B48915681FA8B1EF00F1CF44 /* CameraViewModel.swift */ = {isa = PBXFileReference; lastKnownFileType = sourcecode.swift; path = CameraViewModel.swift; sourceTree = "<group>"; };
		B489156A1FA8D04600F1CF44 /* RoundedButton.swift */ = {isa = PBXFileReference; lastKnownFileType = sourcecode.swift; path = RoundedButton.swift; sourceTree = "<group>"; };
		B489156C1FA8D6AA00F1CF44 /* UIColor+Colors.swift */ = {isa = PBXFileReference; lastKnownFileType = sourcecode.swift; path = "UIColor+Colors.swift"; sourceTree = "<group>"; };
		B489156E1FA8DAAB00F1CF44 /* ObservableButton.swift */ = {isa = PBXFileReference; lastKnownFileType = sourcecode.swift; path = ObservableButton.swift; sourceTree = "<group>"; };
		B48915731FA8E9C200F1CF44 /* EditProfileViewController.swift */ = {isa = PBXFileReference; lastKnownFileType = sourcecode.swift; path = EditProfileViewController.swift; sourceTree = "<group>"; };
		B48915751FA8E9CC00F1CF44 /* EditProfileViewModel.swift */ = {isa = PBXFileReference; lastKnownFileType = sourcecode.swift; path = EditProfileViewModel.swift; sourceTree = "<group>"; };
		B48915771FA8EE8E00F1CF44 /* CollectionViewController.swift */ = {isa = PBXFileReference; lastKnownFileType = sourcecode.swift; path = CollectionViewController.swift; sourceTree = "<group>"; };
		B48915791FA8F0E200F1CF44 /* ViewController.swift */ = {isa = PBXFileReference; lastKnownFileType = sourcecode.swift; path = ViewController.swift; sourceTree = "<group>"; };
		B489157B1FA8F40E00F1CF44 /* HeaderView.swift */ = {isa = PBXFileReference; lastKnownFileType = sourcecode.swift; path = HeaderView.swift; sourceTree = "<group>"; };
		B48A8D791FAD09BC00A8CBBB /* UIImageView+Sizing.swift */ = {isa = PBXFileReference; lastKnownFileType = sourcecode.swift; path = "UIImageView+Sizing.swift"; sourceTree = "<group>"; };
		B4B0CD561FA63D290099768C /* UIImageView+Networking.swift */ = {isa = PBXFileReference; lastKnownFileType = sourcecode.swift; path = "UIImageView+Networking.swift"; sourceTree = "<group>"; };
		B4B2B9001FA3B21900454DE3 /* AppDelegate.swift */ = {isa = PBXFileReference; lastKnownFileType = sourcecode.swift; path = AppDelegate.swift; sourceTree = "<group>"; };
		B4B2B9171FA3B39B00454DE3 /* User.swift */ = {isa = PBXFileReference; lastKnownFileType = sourcecode.swift; path = User.swift; sourceTree = "<group>"; };
		B4B2B9191FA3B3A700454DE3 /* Image.swift */ = {isa = PBXFileReference; lastKnownFileType = sourcecode.swift; path = Image.swift; sourceTree = "<group>"; };
		B4B2B91D1FA3B47300454DE3 /* ImageViewCell.swift */ = {isa = PBXFileReference; lastKnownFileType = sourcecode.swift; path = ImageViewCell.swift; sourceTree = "<group>"; };
		B4B2B91F1FA3B48700454DE3 /* ImageViewModel.swift */ = {isa = PBXFileReference; lastKnownFileType = sourcecode.swift; path = ImageViewModel.swift; sourceTree = "<group>"; };
		B4B2B9261FA3B53800454DE3 /* UserViewModel.swift */ = {isa = PBXFileReference; lastKnownFileType = sourcecode.swift; path = UserViewModel.swift; sourceTree = "<group>"; };
		B4B2B9281FA3BAE800454DE3 /* Session.swift */ = {isa = PBXFileReference; lastKnownFileType = sourcecode.swift; path = Session.swift; sourceTree = "<group>"; };
		B4BADC5A1F9F7F6200651842 /* PixelGram.app */ = {isa = PBXFileReference; explicitFileType = wrapper.application; includeInIndex = 0; path = PixelGram.app; sourceTree = BUILT_PRODUCTS_DIR; };
		B4BADC621F9F7F6200651842 /* Base */ = {isa = PBXFileReference; lastKnownFileType = file.storyboard; name = Base; path = Base.lproj/Main.storyboard; sourceTree = "<group>"; };
		B4BADC671F9F7F6200651842 /* Assets.xcassets */ = {isa = PBXFileReference; lastKnownFileType = folder.assetcatalog; path = Assets.xcassets; sourceTree = "<group>"; };
		B4BADC6A1F9F7F6200651842 /* Base */ = {isa = PBXFileReference; lastKnownFileType = file.storyboard; name = Base; path = Base.lproj/LaunchScreen.storyboard; sourceTree = "<group>"; };
		B4BADC6C1F9F7F6200651842 /* Info.plist */ = {isa = PBXFileReference; lastKnownFileType = text.plist.xml; path = Info.plist; sourceTree = "<group>"; };
		B4BADC711F9F7F6200651842 /* PixelGramTests.xctest */ = {isa = PBXFileReference; explicitFileType = wrapper.cfbundle; includeInIndex = 0; path = PixelGramTests.xctest; sourceTree = BUILT_PRODUCTS_DIR; };
		B4BADC751F9F7F6200651842 /* PixelGramTests.swift */ = {isa = PBXFileReference; lastKnownFileType = sourcecode.swift; path = PixelGramTests.swift; sourceTree = "<group>"; };
		B4BADC771F9F7F6200651842 /* Info.plist */ = {isa = PBXFileReference; lastKnownFileType = text.plist.xml; path = Info.plist; sourceTree = "<group>"; };
		B4E940001FA70E300098AEA2 /* PixelGram.entitlements */ = {isa = PBXFileReference; lastKnownFileType = text.plist.entitlements; path = PixelGram.entitlements; sourceTree = "<group>"; };
		B4E940011FA747BF0098AEA2 /* ThumbImageCell.swift */ = {isa = PBXFileReference; lastKnownFileType = sourcecode.swift; path = ThumbImageCell.swift; sourceTree = "<group>"; };
		B4E9CC3B1FA4C16F009ECF88 /* TextLabelCell.swift */ = {isa = PBXFileReference; lastKnownFileType = sourcecode.swift; path = TextLabelCell.swift; sourceTree = "<group>"; };
		B4E9CC3D1FA4C308009ECF88 /* InputCell.swift */ = {isa = PBXFileReference; lastKnownFileType = sourcecode.swift; path = InputCell.swift; sourceTree = "<group>"; };
		B4E9CC451FA4CEBA009ECF88 /* TabViewController.swift */ = {isa = PBXFileReference; lastKnownFileType = sourcecode.swift; path = TabViewController.swift; sourceTree = "<group>"; };
		B4E9CC4A1FA5C986009ECF88 /* UIViewController+Storyboard.swift */ = {isa = PBXFileReference; lastKnownFileType = sourcecode.swift; path = "UIViewController+Storyboard.swift"; sourceTree = "<group>"; };
		B4E9CC4C1FA5C992009ECF88 /* UIView+ReuseIdentifier.swift */ = {isa = PBXFileReference; lastKnownFileType = sourcecode.swift; path = "UIView+ReuseIdentifier.swift"; sourceTree = "<group>"; };
		B4E9CC4F1FA61ED6009ECF88 /* APIClient.swift */ = {isa = PBXFileReference; lastKnownFileType = sourcecode.swift; path = APIClient.swift; sourceTree = "<group>"; };
		D0CEE169CEA330C829D6D343 /* Pods_PixelGramTests.framework */ = {isa = PBXFileReference; explicitFileType = wrapper.framework; includeInIndex = 0; path = Pods_PixelGramTests.framework; sourceTree = BUILT_PRODUCTS_DIR; };
		E47333A63EEDE7FE606960C0 /* Pods_PixelGram.framework */ = {isa = PBXFileReference; explicitFileType = wrapper.framework; includeInIndex = 0; path = Pods_PixelGram.framework; sourceTree = BUILT_PRODUCTS_DIR; };
		ECF04226D5F81C6187E8B9D8 /* Pods-PixelGramTests.release.xcconfig */ = {isa = PBXFileReference; includeInIndex = 1; lastKnownFileType = text.xcconfig; name = "Pods-PixelGramTests.release.xcconfig"; path = "Pods/Target Support Files/Pods-PixelGramTests/Pods-PixelGramTests.release.xcconfig"; sourceTree = "<group>"; };
/* End PBXFileReference section */

/* Begin PBXFrameworksBuildPhase section */
		B4BADC571F9F7F6200651842 /* Frameworks */ = {
			isa = PBXFrameworksBuildPhase;
			buildActionMask = 2147483647;
			files = (
				EE66EED9888004422CFEA730 /* Pods_PixelGram.framework in Frameworks */,
			);
			runOnlyForDeploymentPostprocessing = 0;
		};
		B4BADC6E1F9F7F6200651842 /* Frameworks */ = {
			isa = PBXFrameworksBuildPhase;
			buildActionMask = 2147483647;
			files = (
				9543049C5260C38B82037C92 /* Pods_PixelGramTests.framework in Frameworks */,
			);
			runOnlyForDeploymentPostprocessing = 0;
		};
/* End PBXFrameworksBuildPhase section */

/* Begin PBXGroup section */
		1C6F24C136E6EE3261836726 /* Pods */ = {
			isa = PBXGroup;
			children = (
				8AA51776F9D770C0EEBF72C9 /* Pods-PixelGram.debug.xcconfig */,
				1F2D0F7DF1843C9765F3749D /* Pods-PixelGram.release.xcconfig */,
				239FA130D5F8554CCB938646 /* Pods-PixelGramTests.debug.xcconfig */,
				ECF04226D5F81C6187E8B9D8 /* Pods-PixelGramTests.release.xcconfig */,
			);
			name = Pods;
			sourceTree = "<group>";
		};
		35F87B46CF9D491168CF036A /* Frameworks */ = {
			isa = PBXGroup;
			children = (
				E47333A63EEDE7FE606960C0 /* Pods_PixelGram.framework */,
				D0CEE169CEA330C829D6D343 /* Pods_PixelGramTests.framework */,
			);
			name = Frameworks;
			sourceTree = "<group>";
		};
		B40896DA1FA85E35006088EE /* DataSources */ = {
			isa = PBXGroup;
			children = (
				B40896EE1FA85E88006088EE /* CollectionViewDataSource.swift */,
				B40896DB1FA85E35006088EE /* SupplementaryElementCollectionViewDataSource.swift */,
			);
			path = DataSources;
			sourceTree = "<group>";
		};
		B40896DC1FA85E50006088EE /* Screens */ = {
			isa = PBXGroup;
			children = (
				B40896DD1FA85E50006088EE /* Camera */,
				B48915701FA8E98300F1CF44 /* Edit Profile */,
				B40896DF1FA85E50006088EE /* Feed */,
				B40896E21FA85E50006088EE /* Login */,
				B40896E61FA85E50006088EE /* Profile */,
				B40896EA1FA85E50006088EE /* Settings */,
			);
			path = Screens;
			sourceTree = "<group>";
		};
		B40896DD1FA85E50006088EE /* Camera */ = {
			isa = PBXGroup;
			children = (
				B477E0C51FAA1E930079CCAF /* Crop */,
				B477E0C81FAA1E930079CCAF /* Gallery */,
				B477E0C21FAA1E930079CCAF /* Share */,
				B40896DE1FA85E50006088EE /* CameraViewController.swift */,
				B48915681FA8B1EF00F1CF44 /* CameraViewModel.swift */,
				B4250A081FAB75F600063635 /* PhotoAccessDisabledView.swift */,
			);
			path = Camera;
			sourceTree = "<group>";
		};
		B40896DF1FA85E50006088EE /* Feed */ = {
			isa = PBXGroup;
			children = (
				B40896E01FA85E50006088EE /* FeedViewController.swift */,
				B40896E11FA85E50006088EE /* FeedViewModel.swift */,
			);
			path = Feed;
			sourceTree = "<group>";
		};
		B40896E21FA85E50006088EE /* Login */ = {
			isa = PBXGroup;
			children = (
				B489157B1FA8F40E00F1CF44 /* HeaderView.swift */,
				B40896E31FA85E50006088EE /* LoginViewController.swift */,
				B40896E41FA85E50006088EE /* LoginViewModel.swift */,
				B40896E51FA85E50006088EE /* SignupViewModel.swift */,
			);
			path = Login;
			sourceTree = "<group>";
		};
		B40896E61FA85E50006088EE /* Profile */ = {
			isa = PBXGroup;
			children = (
				B40896E71FA85E50006088EE /* ProfileCell.swift */,
				B40896E81FA85E50006088EE /* ProfileViewController.swift */,
				B40896E91FA85E50006088EE /* ProfileViewModel.swift */,
			);
			path = Profile;
			sourceTree = "<group>";
		};
		B40896EA1FA85E50006088EE /* Settings */ = {
			isa = PBXGroup;
			children = (
				B40896EC1FA85E50006088EE /* SettingsViewController.swift */,
				B40896ED1FA85E50006088EE /* SettingsViewModel.swift */,
			);
			path = Settings;
			sourceTree = "<group>";
		};
		B477E0C21FAA1E930079CCAF /* Share */ = {
			isa = PBXGroup;
			children = (
				B477E0C31FAA1E930079CCAF /* ShareImageViewController.swift */,
				B477E0C41FAA1E930079CCAF /* ShareImageViewModel.swift */,
				B4250A0A1FAB7AD900063635 /* SubmitImageCell.swift */,
			);
			path = Share;
			sourceTree = "<group>";
		};
		B477E0C51FAA1E930079CCAF /* Crop */ = {
			isa = PBXGroup;
			children = (
				B477E0C61FAA1E930079CCAF /* CropImageViewController.swift */,
			);
			path = Crop;
			sourceTree = "<group>";
		};
		B477E0C81FAA1E930079CCAF /* Gallery */ = {
			isa = PBXGroup;
			children = (
				B477E0C91FAA1E930079CCAF /* GalleryCell.swift */,
				B477E0CA1FAA1E930079CCAF /* GalleryViewController.swift */,
			);
			path = Gallery;
			sourceTree = "<group>";
		};
		B48915701FA8E98300F1CF44 /* Edit Profile */ = {
			isa = PBXGroup;
			children = (
				B48915731FA8E9C200F1CF44 /* EditProfileViewController.swift */,
				B48915751FA8E9CC00F1CF44 /* EditProfileViewModel.swift */,
			);
			path = "Edit Profile";
			sourceTree = "<group>";
		};
		B4B2B8FC1FA3B20000454DE3 /* Classes */ = {
			isa = PBXGroup;
			children = (
				B4E9CC4E1FA61EC5009ECF88 /* API Client */,
				B4B2B8FD1FA3B20000454DE3 /* App Delegate */,
				B4B2B9161FA3B37F00454DE3 /* Models */,
				B40896DC1FA85E50006088EE /* Screens */,
				B4B2B8FE1FA3B20000454DE3 /* Shared */,
			);
			path = Classes;
			sourceTree = "<group>";
		};
		B4B2B8FD1FA3B20000454DE3 /* App Delegate */ = {
			isa = PBXGroup;
			children = (
				B4B2B9001FA3B21900454DE3 /* AppDelegate.swift */,
			);
			path = "App Delegate";
			sourceTree = "<group>";
		};
		B4B2B8FE1FA3B20000454DE3 /* Shared */ = {
			isa = PBXGroup;
			children = (
				B40896DA1FA85E35006088EE /* DataSources */,
				B4E9CC491FA5C974009ECF88 /* Extensions */,
				B4E9CC441FA4CEAE009ECF88 /* ViewControllers */,
				B4B2B91B1FA3B45500454DE3 /* ViewModels */,
				B4B2B91C1FA3B45500454DE3 /* Views */,
			);
			path = Shared;
			sourceTree = "<group>";
		};
		B4B2B9161FA3B37F00454DE3 /* Models */ = {
			isa = PBXGroup;
			children = (
				B4B2B9171FA3B39B00454DE3 /* User.swift */,
				B4B2B9191FA3B3A700454DE3 /* Image.swift */,
				B4B2B9281FA3BAE800454DE3 /* Session.swift */,
			);
			path = Models;
			sourceTree = "<group>";
		};
		B4B2B91B1FA3B45500454DE3 /* ViewModels */ = {
			isa = PBXGroup;
			children = (
				B4B2B91F1FA3B48700454DE3 /* ImageViewModel.swift */,
				B4B2B9261FA3B53800454DE3 /* UserViewModel.swift */,
			);
			path = ViewModels;
			sourceTree = "<group>";
		};
		B4B2B91C1FA3B45500454DE3 /* Views */ = {
			isa = PBXGroup;
			children = (
				B4B2B91D1FA3B47300454DE3 /* ImageViewCell.swift */,
				B4E9CC3B1FA4C16F009ECF88 /* TextLabelCell.swift */,
				B4E9CC3D1FA4C308009ECF88 /* InputCell.swift */,
				B4E940011FA747BF0098AEA2 /* ThumbImageCell.swift */,
				B489156A1FA8D04600F1CF44 /* RoundedButton.swift */,
				B489156E1FA8DAAB00F1CF44 /* ObservableButton.swift */,
				B477E0D31FAA3A500079CCAF /* BarButtonItem.swift */,
			);
			path = Views;
			sourceTree = "<group>";
		};
		B4BADC511F9F7F6200651842 = {
			isa = PBXGroup;
			children = (
				B40F9D891F9F837E00243953 /* LICENSE */,
				B40F9D881F9F837E00243953 /* README.md */,
				B4BADC5C1F9F7F6200651842 /* PixelGram */,
				B4BADC741F9F7F6200651842 /* PixelGramTests */,
				B4BADC5B1F9F7F6200651842 /* Products */,
				1C6F24C136E6EE3261836726 /* Pods */,
				35F87B46CF9D491168CF036A /* Frameworks */,
			);
			sourceTree = "<group>";
		};
		B4BADC5B1F9F7F6200651842 /* Products */ = {
			isa = PBXGroup;
			children = (
				B4BADC5A1F9F7F6200651842 /* PixelGram.app */,
				B4BADC711F9F7F6200651842 /* PixelGramTests.xctest */,
			);
			name = Products;
			sourceTree = "<group>";
		};
		B4BADC5C1F9F7F6200651842 /* PixelGram */ = {
			isa = PBXGroup;
			children = (
				B4E940001FA70E300098AEA2 /* PixelGram.entitlements */,
				B4B2B8FC1FA3B20000454DE3 /* Classes */,
				B4BADC611F9F7F6200651842 /* Main.storyboard */,
				B4BADC671F9F7F6200651842 /* Assets.xcassets */,
				B4BADC691F9F7F6200651842 /* LaunchScreen.storyboard */,
				B4BADC6C1F9F7F6200651842 /* Info.plist */,
			);
			path = PixelGram;
			sourceTree = "<group>";
		};
		B4BADC741F9F7F6200651842 /* PixelGramTests */ = {
			isa = PBXGroup;
			children = (
				B4BADC751F9F7F6200651842 /* PixelGramTests.swift */,
				B4BADC771F9F7F6200651842 /* Info.plist */,
			);
			path = PixelGramTests;
			sourceTree = "<group>";
		};
		B4E9CC441FA4CEAE009ECF88 /* ViewControllers */ = {
			isa = PBXGroup;
			children = (
				B4E9CC451FA4CEBA009ECF88 /* TabViewController.swift */,
				B48915771FA8EE8E00F1CF44 /* CollectionViewController.swift */,
				B48915791FA8F0E200F1CF44 /* ViewController.swift */,
				B4250A021FAB312300063635 /* NavigationController.swift */,
			);
			path = ViewControllers;
			sourceTree = "<group>";
		};
		B4E9CC491FA5C974009ECF88 /* Extensions */ = {
			isa = PBXGroup;
			children = (
				B4E9CC4A1FA5C986009ECF88 /* UIViewController+Storyboard.swift */,
				B4E9CC4C1FA5C992009ECF88 /* UIView+ReuseIdentifier.swift */,
				B4B0CD561FA63D290099768C /* UIImageView+Networking.swift */,
				B408971C1FA87F80006088EE /* UICollectionReusableView+FullWidth.swift */,
				B489156C1FA8D6AA00F1CF44 /* UIColor+Colors.swift */,
				B4250A041FAB321100063635 /* UIImage+Generation.swift */,
				B4250A061FAB63A400063635 /* UIWindow+HUD.swift */,
				B48A8D791FAD09BC00A8CBBB /* UIImageView+Sizing.swift */,
			);
			path = Extensions;
			sourceTree = "<group>";
		};
		B4E9CC4E1FA61EC5009ECF88 /* API Client */ = {
			isa = PBXGroup;
			children = (
				B4E9CC4F1FA61ED6009ECF88 /* APIClient.swift */,
				B470DDFA1FA7AD6A00B0E3E9 /* MockServer.swift */,
			);
			path = "API Client";
			sourceTree = "<group>";
		};
/* End PBXGroup section */

/* Begin PBXNativeTarget section */
		B4BADC591F9F7F6200651842 /* PixelGram */ = {
			isa = PBXNativeTarget;
			buildConfigurationList = B4BADC7A1F9F7F6200651842 /* Build configuration list for PBXNativeTarget "PixelGram" */;
			buildPhases = (
				FE1A95B779768DB8B076EA6F /* [CP] Check Pods Manifest.lock */,
				B4BADC561F9F7F6200651842 /* Sources */,
				B4BADC571F9F7F6200651842 /* Frameworks */,
				B4BADC581F9F7F6200651842 /* Resources */,
				CA077C4FC8DC47D32514A9CB /* [CP] Embed Pods Frameworks */,
				55B6065CC6E4FC09F258DD43 /* [CP] Copy Pods Resources */,
			);
			buildRules = (
			);
			dependencies = (
			);
			name = PixelGram;
			productName = PixelGram;
			productReference = B4BADC5A1F9F7F6200651842 /* PixelGram.app */;
			productType = "com.apple.product-type.application";
		};
		B4BADC701F9F7F6200651842 /* PixelGramTests */ = {
			isa = PBXNativeTarget;
			buildConfigurationList = B4BADC7D1F9F7F6200651842 /* Build configuration list for PBXNativeTarget "PixelGramTests" */;
			buildPhases = (
				242C31CEAD6C7DD919E0EF02 /* [CP] Check Pods Manifest.lock */,
				B4BADC6D1F9F7F6200651842 /* Sources */,
				B4BADC6E1F9F7F6200651842 /* Frameworks */,
				B4BADC6F1F9F7F6200651842 /* Resources */,
				A1975C59F2A3AA0A08AE20C1 /* [CP] Embed Pods Frameworks */,
				1CDD82276A2E48FD7579A6D7 /* [CP] Copy Pods Resources */,
			);
			buildRules = (
			);
			dependencies = (
				B4BADC731F9F7F6200651842 /* PBXTargetDependency */,
			);
			name = PixelGramTests;
			productName = PixelGramTests;
			productReference = B4BADC711F9F7F6200651842 /* PixelGramTests.xctest */;
			productType = "com.apple.product-type.bundle.unit-test";
		};
/* End PBXNativeTarget section */

/* Begin PBXProject section */
		B4BADC521F9F7F6200651842 /* Project object */ = {
			isa = PBXProject;
			attributes = {
				LastSwiftUpdateCheck = 0900;
				LastUpgradeCheck = 0900;
				ORGANIZATIONNAME = "Robert Dimitrov";
				TargetAttributes = {
					B4BADC591F9F7F6200651842 = {
						CreatedOnToolsVersion = 9.0;
						LastSwiftMigration = 0900;
						ProvisioningStyle = Automatic;
						SystemCapabilities = {
							com.apple.Keychain = {
								enabled = 1;
							};
						};
					};
					B4BADC701F9F7F6200651842 = {
						CreatedOnToolsVersion = 9.0;
						ProvisioningStyle = Automatic;
						TestTargetID = B4BADC591F9F7F6200651842;
					};
				};
			};
			buildConfigurationList = B4BADC551F9F7F6200651842 /* Build configuration list for PBXProject "PixelGram" */;
			compatibilityVersion = "Xcode 8.0";
			developmentRegion = en;
			hasScannedForEncodings = 0;
			knownRegions = (
				en,
				Base,
			);
			mainGroup = B4BADC511F9F7F6200651842;
			productRefGroup = B4BADC5B1F9F7F6200651842 /* Products */;
			projectDirPath = "";
			projectRoot = "";
			targets = (
				B4BADC591F9F7F6200651842 /* PixelGram */,
				B4BADC701F9F7F6200651842 /* PixelGramTests */,
			);
		};
/* End PBXProject section */

/* Begin PBXResourcesBuildPhase section */
		B4BADC581F9F7F6200651842 /* Resources */ = {
			isa = PBXResourcesBuildPhase;
			buildActionMask = 2147483647;
			files = (
				B4BADC6B1F9F7F6200651842 /* LaunchScreen.storyboard in Resources */,
				B4BADC681F9F7F6200651842 /* Assets.xcassets in Resources */,
				B4BADC631F9F7F6200651842 /* Main.storyboard in Resources */,
			);
			runOnlyForDeploymentPostprocessing = 0;
		};
		B4BADC6F1F9F7F6200651842 /* Resources */ = {
			isa = PBXResourcesBuildPhase;
			buildActionMask = 2147483647;
			files = (
			);
			runOnlyForDeploymentPostprocessing = 0;
		};
/* End PBXResourcesBuildPhase section */

/* Begin PBXShellScriptBuildPhase section */
		1CDD82276A2E48FD7579A6D7 /* [CP] Copy Pods Resources */ = {
			isa = PBXShellScriptBuildPhase;
			buildActionMask = 2147483647;
			files = (
			);
			inputPaths = (
			);
			name = "[CP] Copy Pods Resources";
			outputPaths = (
			);
			runOnlyForDeploymentPostprocessing = 0;
			shellPath = /bin/sh;
			shellScript = "\"${SRCROOT}/Pods/Target Support Files/Pods-PixelGramTests/Pods-PixelGramTests-resources.sh\"\n";
			showEnvVarsInLog = 0;
		};
		242C31CEAD6C7DD919E0EF02 /* [CP] Check Pods Manifest.lock */ = {
			isa = PBXShellScriptBuildPhase;
			buildActionMask = 2147483647;
			files = (
			);
			inputPaths = (
				"${PODS_PODFILE_DIR_PATH}/Podfile.lock",
				"${PODS_ROOT}/Manifest.lock",
			);
			name = "[CP] Check Pods Manifest.lock";
			outputPaths = (
				"$(DERIVED_FILE_DIR)/Pods-PixelGramTests-checkManifestLockResult.txt",
			);
			runOnlyForDeploymentPostprocessing = 0;
			shellPath = /bin/sh;
			shellScript = "diff \"${PODS_PODFILE_DIR_PATH}/Podfile.lock\" \"${PODS_ROOT}/Manifest.lock\" > /dev/null\nif [ $? != 0 ] ; then\n    # print error to STDERR\n    echo \"error: The sandbox is not in sync with the Podfile.lock. Run 'pod install' or update your CocoaPods installation.\" >&2\n    exit 1\nfi\n# This output is used by Xcode 'outputs' to avoid re-running this script phase.\necho \"SUCCESS\" > \"${SCRIPT_OUTPUT_FILE_0}\"\n";
			showEnvVarsInLog = 0;
		};
		55B6065CC6E4FC09F258DD43 /* [CP] Copy Pods Resources */ = {
			isa = PBXShellScriptBuildPhase;
			buildActionMask = 2147483647;
			files = (
			);
			inputPaths = (
			);
			name = "[CP] Copy Pods Resources";
			outputPaths = (
			);
			runOnlyForDeploymentPostprocessing = 0;
			shellPath = /bin/sh;
			shellScript = "\"${SRCROOT}/Pods/Target Support Files/Pods-PixelGram/Pods-PixelGram-resources.sh\"\n";
			showEnvVarsInLog = 0;
		};
		A1975C59F2A3AA0A08AE20C1 /* [CP] Embed Pods Frameworks */ = {
			isa = PBXShellScriptBuildPhase;
			buildActionMask = 2147483647;
			files = (
			);
			inputPaths = (
				"${SRCROOT}/Pods/Target Support Files/Pods-PixelGramTests/Pods-PixelGramTests-frameworks.sh",
				"${BUILT_PRODUCTS_DIR}/RxSwift/RxSwift.framework",
				"${BUILT_PRODUCTS_DIR}/RxBlocking/RxBlocking.framework",
				"${BUILT_PRODUCTS_DIR}/RxTest/RxTest.framework",
			);
			name = "[CP] Embed Pods Frameworks";
			outputPaths = (
				"${TARGET_BUILD_DIR}/${FRAMEWORKS_FOLDER_PATH}/RxSwift.framework",
				"${TARGET_BUILD_DIR}/${FRAMEWORKS_FOLDER_PATH}/RxBlocking.framework",
				"${TARGET_BUILD_DIR}/${FRAMEWORKS_FOLDER_PATH}/RxTest.framework",
			);
			runOnlyForDeploymentPostprocessing = 0;
			shellPath = /bin/sh;
			shellScript = "\"${SRCROOT}/Pods/Target Support Files/Pods-PixelGramTests/Pods-PixelGramTests-frameworks.sh\"\n";
			showEnvVarsInLog = 0;
		};
		CA077C4FC8DC47D32514A9CB /* [CP] Embed Pods Frameworks */ = {
			isa = PBXShellScriptBuildPhase;
			buildActionMask = 2147483647;
			files = (
			);
			inputPaths = (
				"${SRCROOT}/Pods/Target Support Files/Pods-PixelGram/Pods-PixelGram-frameworks.sh",
				"${BUILT_PRODUCTS_DIR}/Alamofire/Alamofire.framework",
				"${BUILT_PRODUCTS_DIR}/Locksmith/Locksmith.framework",
				"${BUILT_PRODUCTS_DIR}/MBProgressHUD/MBProgressHUD.framework",
				"${BUILT_PRODUCTS_DIR}/RxCocoa/RxCocoa.framework",
				"${BUILT_PRODUCTS_DIR}/RxSwift/RxSwift.framework",
				"${BUILT_PRODUCTS_DIR}/SDWebImage/SDWebImage.framework",
			);
			name = "[CP] Embed Pods Frameworks";
			outputPaths = (
				"${TARGET_BUILD_DIR}/${FRAMEWORKS_FOLDER_PATH}/Alamofire.framework",
				"${TARGET_BUILD_DIR}/${FRAMEWORKS_FOLDER_PATH}/Locksmith.framework",
				"${TARGET_BUILD_DIR}/${FRAMEWORKS_FOLDER_PATH}/MBProgressHUD.framework",
				"${TARGET_BUILD_DIR}/${FRAMEWORKS_FOLDER_PATH}/RxCocoa.framework",
				"${TARGET_BUILD_DIR}/${FRAMEWORKS_FOLDER_PATH}/RxSwift.framework",
				"${TARGET_BUILD_DIR}/${FRAMEWORKS_FOLDER_PATH}/SDWebImage.framework",
			);
			runOnlyForDeploymentPostprocessing = 0;
			shellPath = /bin/sh;
			shellScript = "\"${SRCROOT}/Pods/Target Support Files/Pods-PixelGram/Pods-PixelGram-frameworks.sh\"\n";
			showEnvVarsInLog = 0;
		};
		FE1A95B779768DB8B076EA6F /* [CP] Check Pods Manifest.lock */ = {
			isa = PBXShellScriptBuildPhase;
			buildActionMask = 2147483647;
			files = (
			);
			inputPaths = (
				"${PODS_PODFILE_DIR_PATH}/Podfile.lock",
				"${PODS_ROOT}/Manifest.lock",
			);
			name = "[CP] Check Pods Manifest.lock";
			outputPaths = (
				"$(DERIVED_FILE_DIR)/Pods-PixelGram-checkManifestLockResult.txt",
			);
			runOnlyForDeploymentPostprocessing = 0;
			shellPath = /bin/sh;
			shellScript = "diff \"${PODS_PODFILE_DIR_PATH}/Podfile.lock\" \"${PODS_ROOT}/Manifest.lock\" > /dev/null\nif [ $? != 0 ] ; then\n    # print error to STDERR\n    echo \"error: The sandbox is not in sync with the Podfile.lock. Run 'pod install' or update your CocoaPods installation.\" >&2\n    exit 1\nfi\n# This output is used by Xcode 'outputs' to avoid re-running this script phase.\necho \"SUCCESS\" > \"${SCRIPT_OUTPUT_FILE_0}\"\n";
			showEnvVarsInLog = 0;
		};
/* End PBXShellScriptBuildPhase section */

/* Begin PBXSourcesBuildPhase section */
		B4BADC561F9F7F6200651842 /* Sources */ = {
			isa = PBXSourcesBuildPhase;
			buildActionMask = 2147483647;
			files = (
				B40897141FA8610E006088EE /* TabViewController.swift in Sources */,
				B40897091FA8610E006088EE /* ProfileCell.swift in Sources */,
				B40897181FA8610E006088EE /* TextLabelCell.swift in Sources */,
				B40897001FA8610E006088EE /* User.swift in Sources */,
				B40897121FA8610E006088EE /* UIView+ReuseIdentifier.swift in Sources */,
				B48915691FA8B1EF00F1CF44 /* CameraViewModel.swift in Sources */,
				B477E0CC1FAA24CC0079CCAF /* CropImageViewController.swift in Sources */,
				B40896FF1FA8610E006088EE /* AppDelegate.swift in Sources */,
				B477E0D21FAA24CC0079CCAF /* ShareImageViewModel.swift in Sources */,
				B40897071FA8610E006088EE /* LoginViewModel.swift in Sources */,
				B408970A1FA8610E006088EE /* ProfileViewController.swift in Sources */,
				B40897021FA8610E006088EE /* Session.swift in Sources */,
				B40896FE1FA8610E006088EE /* MockServer.swift in Sources */,
				B408971B1FA8610E006088EE /* ThumbImageCell.swift in Sources */,
				B48915781FA8EE8E00F1CF44 /* CollectionViewController.swift in Sources */,
				B40897161FA8610E006088EE /* UserViewModel.swift in Sources */,
				B40897031FA8610E006088EE /* CameraViewController.swift in Sources */,
				B489157C1FA8F40F00F1CF44 /* HeaderView.swift in Sources */,
				B40897081FA8610E006088EE /* SignupViewModel.swift in Sources */,
				B40897151FA8610E006088EE /* ImageViewModel.swift in Sources */,
				B408970B1FA8610E006088EE /* ProfileViewModel.swift in Sources */,
				B4250A051FAB321100063635 /* UIImage+Generation.swift in Sources */,
				B4250A0B1FAB7AD900063635 /* SubmitImageCell.swift in Sources */,
				B489156F1FA8DAAB00F1CF44 /* ObservableButton.swift in Sources */,
				B40896FD1FA8610E006088EE /* APIClient.swift in Sources */,
				B48915761FA8E9CC00F1CF44 /* EditProfileViewModel.swift in Sources */,
				B489157A1FA8F0E200F1CF44 /* ViewController.swift in Sources */,
				B4250A031FAB312300063635 /* NavigationController.swift in Sources */,
				B408971D1FA87F80006088EE /* UICollectionReusableView+FullWidth.swift in Sources */,
				B40897041FA8610E006088EE /* FeedViewController.swift in Sources */,
				B408970D1FA8610E006088EE /* SettingsViewController.swift in Sources */,
				B477E0D11FAA24CC0079CCAF /* ShareImageViewController.swift in Sources */,
				B40897131FA8610E006088EE /* UIImageView+Networking.swift in Sources */,
				B48A8D7A1FAD09BC00A8CBBB /* UIImageView+Sizing.swift in Sources */,
				B477E0D41FAA3A500079CCAF /* BarButtonItem.swift in Sources */,
				B40897011FA8610E006088EE /* Image.swift in Sources */,
				B40897171FA8610E006088EE /* ImageViewCell.swift in Sources */,
				B40897101FA8610E006088EE /* SupplementaryElementCollectionViewDataSource.swift in Sources */,
				B40897061FA8610E006088EE /* LoginViewController.swift in Sources */,
				B48915741FA8E9C200F1CF44 /* EditProfileViewController.swift in Sources */,
				B4250A091FAB75F600063635 /* PhotoAccessDisabledView.swift in Sources */,
				B40897051FA8610E006088EE /* FeedViewModel.swift in Sources */,
				B408970F1FA8610E006088EE /* CollectionViewDataSource.swift in Sources */,
				B477E0CE1FAA24CC0079CCAF /* GalleryCell.swift in Sources */,
				B4250A071FAB63A400063635 /* UIWindow+HUD.swift in Sources */,
				B477E0CF1FAA24CC0079CCAF /* GalleryViewController.swift in Sources */,
				B489156B1FA8D04600F1CF44 /* RoundedButton.swift in Sources */,
				B408970E1FA8610E006088EE /* SettingsViewModel.swift in Sources */,
				B489156D1FA8D6AA00F1CF44 /* UIColor+Colors.swift in Sources */,
				B40897111FA8610E006088EE /* UIViewController+Storyboard.swift in Sources */,
				B40897191FA8610E006088EE /* InputCell.swift in Sources */,
			);
			runOnlyForDeploymentPostprocessing = 0;
		};
		B4BADC6D1F9F7F6200651842 /* Sources */ = {
			isa = PBXSourcesBuildPhase;
			buildActionMask = 2147483647;
			files = (
				B4BADC761F9F7F6200651842 /* PixelGramTests.swift in Sources */,
			);
			runOnlyForDeploymentPostprocessing = 0;
		};
/* End PBXSourcesBuildPhase section */

/* Begin PBXTargetDependency section */
		B4BADC731F9F7F6200651842 /* PBXTargetDependency */ = {
			isa = PBXTargetDependency;
			target = B4BADC591F9F7F6200651842 /* PixelGram */;
			targetProxy = B4BADC721F9F7F6200651842 /* PBXContainerItemProxy */;
		};
/* End PBXTargetDependency section */

/* Begin PBXVariantGroup section */
		B4BADC611F9F7F6200651842 /* Main.storyboard */ = {
			isa = PBXVariantGroup;
			children = (
				B4BADC621F9F7F6200651842 /* Base */,
			);
			name = Main.storyboard;
			sourceTree = "<group>";
		};
		B4BADC691F9F7F6200651842 /* LaunchScreen.storyboard */ = {
			isa = PBXVariantGroup;
			children = (
				B4BADC6A1F9F7F6200651842 /* Base */,
			);
			name = LaunchScreen.storyboard;
			sourceTree = "<group>";
		};
/* End PBXVariantGroup section */

/* Begin XCBuildConfiguration section */
		B4BADC781F9F7F6200651842 /* Debug */ = {
			isa = XCBuildConfiguration;
			buildSettings = {
				ALWAYS_SEARCH_USER_PATHS = NO;
				CLANG_ANALYZER_NONNULL = YES;
				CLANG_ANALYZER_NUMBER_OBJECT_CONVERSION = YES_AGGRESSIVE;
				CLANG_CXX_LANGUAGE_STANDARD = "gnu++14";
				CLANG_CXX_LIBRARY = "libc++";
				CLANG_ENABLE_MODULES = YES;
				CLANG_ENABLE_OBJC_ARC = YES;
				CLANG_WARN_BLOCK_CAPTURE_AUTORELEASING = YES;
				CLANG_WARN_BOOL_CONVERSION = YES;
				CLANG_WARN_COMMA = YES;
				CLANG_WARN_CONSTANT_CONVERSION = YES;
				CLANG_WARN_DIRECT_OBJC_ISA_USAGE = YES_ERROR;
				CLANG_WARN_DOCUMENTATION_COMMENTS = YES;
				CLANG_WARN_EMPTY_BODY = YES;
				CLANG_WARN_ENUM_CONVERSION = YES;
				CLANG_WARN_INFINITE_RECURSION = YES;
				CLANG_WARN_INT_CONVERSION = YES;
				CLANG_WARN_NON_LITERAL_NULL_CONVERSION = YES;
				CLANG_WARN_OBJC_LITERAL_CONVERSION = YES;
				CLANG_WARN_OBJC_ROOT_CLASS = YES_ERROR;
				CLANG_WARN_RANGE_LOOP_ANALYSIS = YES;
				CLANG_WARN_STRICT_PROTOTYPES = YES;
				CLANG_WARN_SUSPICIOUS_MOVE = YES;
				CLANG_WARN_UNGUARDED_AVAILABILITY = YES_AGGRESSIVE;
				CLANG_WARN_UNREACHABLE_CODE = YES;
				CLANG_WARN__DUPLICATE_METHOD_MATCH = YES;
				CODE_SIGN_IDENTITY = "iPhone Developer";
				COPY_PHASE_STRIP = NO;
				DEBUG_INFORMATION_FORMAT = dwarf;
				ENABLE_STRICT_OBJC_MSGSEND = YES;
				ENABLE_TESTABILITY = YES;
				GCC_C_LANGUAGE_STANDARD = gnu11;
				GCC_DYNAMIC_NO_PIC = NO;
				GCC_NO_COMMON_BLOCKS = YES;
				GCC_OPTIMIZATION_LEVEL = 0;
				GCC_PREPROCESSOR_DEFINITIONS = (
					"DEBUG=1",
					"$(inherited)",
				);
				GCC_WARN_64_TO_32_BIT_CONVERSION = YES;
				GCC_WARN_ABOUT_RETURN_TYPE = YES_ERROR;
				GCC_WARN_UNDECLARED_SELECTOR = YES;
				GCC_WARN_UNINITIALIZED_AUTOS = YES_AGGRESSIVE;
				GCC_WARN_UNUSED_FUNCTION = YES;
				GCC_WARN_UNUSED_VARIABLE = YES;
				IPHONEOS_DEPLOYMENT_TARGET = 11.0;
				MTL_ENABLE_DEBUG_INFO = YES;
				ONLY_ACTIVE_ARCH = YES;
				SDKROOT = iphoneos;
				SWIFT_ACTIVE_COMPILATION_CONDITIONS = DEBUG;
				SWIFT_OPTIMIZATION_LEVEL = "-Onone";
			};
			name = Debug;
		};
		B4BADC791F9F7F6200651842 /* Release */ = {
			isa = XCBuildConfiguration;
			buildSettings = {
				ALWAYS_SEARCH_USER_PATHS = NO;
				CLANG_ANALYZER_NONNULL = YES;
				CLANG_ANALYZER_NUMBER_OBJECT_CONVERSION = YES_AGGRESSIVE;
				CLANG_CXX_LANGUAGE_STANDARD = "gnu++14";
				CLANG_CXX_LIBRARY = "libc++";
				CLANG_ENABLE_MODULES = YES;
				CLANG_ENABLE_OBJC_ARC = YES;
				CLANG_WARN_BLOCK_CAPTURE_AUTORELEASING = YES;
				CLANG_WARN_BOOL_CONVERSION = YES;
				CLANG_WARN_COMMA = YES;
				CLANG_WARN_CONSTANT_CONVERSION = YES;
				CLANG_WARN_DIRECT_OBJC_ISA_USAGE = YES_ERROR;
				CLANG_WARN_DOCUMENTATION_COMMENTS = YES;
				CLANG_WARN_EMPTY_BODY = YES;
				CLANG_WARN_ENUM_CONVERSION = YES;
				CLANG_WARN_INFINITE_RECURSION = YES;
				CLANG_WARN_INT_CONVERSION = YES;
				CLANG_WARN_NON_LITERAL_NULL_CONVERSION = YES;
				CLANG_WARN_OBJC_LITERAL_CONVERSION = YES;
				CLANG_WARN_OBJC_ROOT_CLASS = YES_ERROR;
				CLANG_WARN_RANGE_LOOP_ANALYSIS = YES;
				CLANG_WARN_STRICT_PROTOTYPES = YES;
				CLANG_WARN_SUSPICIOUS_MOVE = YES;
				CLANG_WARN_UNGUARDED_AVAILABILITY = YES_AGGRESSIVE;
				CLANG_WARN_UNREACHABLE_CODE = YES;
				CLANG_WARN__DUPLICATE_METHOD_MATCH = YES;
				CODE_SIGN_IDENTITY = "iPhone Developer";
				COPY_PHASE_STRIP = NO;
				DEBUG_INFORMATION_FORMAT = "dwarf-with-dsym";
				ENABLE_NS_ASSERTIONS = NO;
				ENABLE_STRICT_OBJC_MSGSEND = YES;
				GCC_C_LANGUAGE_STANDARD = gnu11;
				GCC_NO_COMMON_BLOCKS = YES;
				GCC_WARN_64_TO_32_BIT_CONVERSION = YES;
				GCC_WARN_ABOUT_RETURN_TYPE = YES_ERROR;
				GCC_WARN_UNDECLARED_SELECTOR = YES;
				GCC_WARN_UNINITIALIZED_AUTOS = YES_AGGRESSIVE;
				GCC_WARN_UNUSED_FUNCTION = YES;
				GCC_WARN_UNUSED_VARIABLE = YES;
				IPHONEOS_DEPLOYMENT_TARGET = 11.0;
				MTL_ENABLE_DEBUG_INFO = NO;
				SDKROOT = iphoneos;
				SWIFT_OPTIMIZATION_LEVEL = "-Owholemodule";
				VALIDATE_PRODUCT = YES;
			};
			name = Release;
		};
		B4BADC7B1F9F7F6200651842 /* Debug */ = {
			isa = XCBuildConfiguration;
			baseConfigurationReference = 8AA51776F9D770C0EEBF72C9 /* Pods-PixelGram.debug.xcconfig */;
			buildSettings = {
				ALWAYS_EMBED_SWIFT_STANDARD_LIBRARIES = "$(inherited)";
				ASSETCATALOG_COMPILER_APPICON_NAME = AppIcon;
				CLANG_ENABLE_MODULES = YES;
				CODE_SIGN_ENTITLEMENTS = PixelGram/PixelGram.entitlements;
				CODE_SIGN_STYLE = Automatic;
				DEVELOPMENT_TEAM = W5TUR3QJX4;
				INFOPLIST_FILE = PixelGram/Info.plist;
				LD_RUNPATH_SEARCH_PATHS = "$(inherited) @executable_path/Frameworks";
				PRODUCT_BUNDLE_IDENTIFIER = com.example.PixelGram;
				PRODUCT_NAME = "$(TARGET_NAME)";
				SWIFT_OPTIMIZATION_LEVEL = "-Onone";
				SWIFT_VERSION = 4.0;
				TARGETED_DEVICE_FAMILY = 1;
			};
			name = Debug;
		};
		B4BADC7C1F9F7F6200651842 /* Release */ = {
			isa = XCBuildConfiguration;
			baseConfigurationReference = 1F2D0F7DF1843C9765F3749D /* Pods-PixelGram.release.xcconfig */;
			buildSettings = {
				ALWAYS_EMBED_SWIFT_STANDARD_LIBRARIES = "$(inherited)";
				ASSETCATALOG_COMPILER_APPICON_NAME = AppIcon;
				CLANG_ENABLE_MODULES = YES;
				CODE_SIGN_ENTITLEMENTS = PixelGram/PixelGram.entitlements;
				CODE_SIGN_STYLE = Automatic;
				DEVELOPMENT_TEAM = W5TUR3QJX4;
				INFOPLIST_FILE = PixelGram/Info.plist;
				LD_RUNPATH_SEARCH_PATHS = "$(inherited) @executable_path/Frameworks";
				PRODUCT_BUNDLE_IDENTIFIER = com.example.PixelGram;
				PRODUCT_NAME = "$(TARGET_NAME)";
				SWIFT_VERSION = 4.0;
				TARGETED_DEVICE_FAMILY = 1;
			};
			name = Release;
		};
		B4BADC7E1F9F7F6200651842 /* Debug */ = {
			isa = XCBuildConfiguration;
			baseConfigurationReference = 239FA130D5F8554CCB938646 /* Pods-PixelGramTests.debug.xcconfig */;
			buildSettings = {
				ALWAYS_EMBED_SWIFT_STANDARD_LIBRARIES = "$(inherited)";
				BUNDLE_LOADER = "$(TEST_HOST)";
				CODE_SIGN_STYLE = Automatic;
				INFOPLIST_FILE = PixelGramTests/Info.plist;
				LD_RUNPATH_SEARCH_PATHS = "$(inherited) @executable_path/Frameworks @loader_path/Frameworks";
				PRODUCT_BUNDLE_IDENTIFIER = com.example.PixelGramTests;
				PRODUCT_NAME = "$(TARGET_NAME)";
				SWIFT_VERSION = 4.0;
				TARGETED_DEVICE_FAMILY = "1,2";
				TEST_HOST = "$(BUILT_PRODUCTS_DIR)/PixelGram.app/PixelGram";
			};
			name = Debug;
		};
		B4BADC7F1F9F7F6200651842 /* Release */ = {
			isa = XCBuildConfiguration;
			baseConfigurationReference = ECF04226D5F81C6187E8B9D8 /* Pods-PixelGramTests.release.xcconfig */;
			buildSettings = {
				ALWAYS_EMBED_SWIFT_STANDARD_LIBRARIES = "$(inherited)";
				BUNDLE_LOADER = "$(TEST_HOST)";
				CODE_SIGN_STYLE = Automatic;
				INFOPLIST_FILE = PixelGramTests/Info.plist;
				LD_RUNPATH_SEARCH_PATHS = "$(inherited) @executable_path/Frameworks @loader_path/Frameworks";
				PRODUCT_BUNDLE_IDENTIFIER = com.example.PixelGramTests;
				PRODUCT_NAME = "$(TARGET_NAME)";
				SWIFT_VERSION = 4.0;
				TARGETED_DEVICE_FAMILY = "1,2";
				TEST_HOST = "$(BUILT_PRODUCTS_DIR)/PixelGram.app/PixelGram";
			};
			name = Release;
		};
/* End XCBuildConfiguration section */

/* Begin XCConfigurationList section */
		B4BADC551F9F7F6200651842 /* Build configuration list for PBXProject "PixelGram" */ = {
			isa = XCConfigurationList;
			buildConfigurations = (
				B4BADC781F9F7F6200651842 /* Debug */,
				B4BADC791F9F7F6200651842 /* Release */,
			);
			defaultConfigurationIsVisible = 0;
			defaultConfigurationName = Release;
		};
		B4BADC7A1F9F7F6200651842 /* Build configuration list for PBXNativeTarget "PixelGram" */ = {
			isa = XCConfigurationList;
			buildConfigurations = (
				B4BADC7B1F9F7F6200651842 /* Debug */,
				B4BADC7C1F9F7F6200651842 /* Release */,
			);
			defaultConfigurationIsVisible = 0;
			defaultConfigurationName = Release;
		};
		B4BADC7D1F9F7F6200651842 /* Build configuration list for PBXNativeTarget "PixelGramTests" */ = {
			isa = XCConfigurationList;
			buildConfigurations = (
				B4BADC7E1F9F7F6200651842 /* Debug */,
				B4BADC7F1F9F7F6200651842 /* Release */,
			);
			defaultConfigurationIsVisible = 0;
			defaultConfigurationName = Release;
		};
/* End XCConfigurationList section */
	};
	rootObject = B4BADC521F9F7F6200651842 /* Project object */;
}
